# THIS IS AN AUTOGENERATED FILE. DO NOT EDIT THIS FILE DIRECTLY.
# yarn lockfile v1


"@haechi-labs/henesis-sdk@^0.3.0":
  version "0.3.0"
  resolved "https://registry.yarnpkg.com/@haechi-labs/henesis-sdk/-/henesis-sdk-0.3.0.tgz#f924eb4d787b061f134036b9c718c8ea80e20c2c"
  integrity sha512-PrcjdBTlXYFLoOz3IxBnjhhIpuci3BzRbBQwbSdgGg5s9SMpV719mnJuc9Z3zOtT1A38d3h6wWSW/u+GYqKXtQ==
